
Microsoft Visual Studio Solution File, Format Version 12.00
# Visual Studio Version 17
VisualStudioVersion = 17.0.31912.275
MinimumVisualStudioVersion = 10.0.40219.1
Project("{FAE04EC0-301F-11D3-BF4B-00C04F79EFBC}") = "CW_Deque", "CW_Deque\CW_Deque.csproj", "{79FBFED2-50EE-4E13-A37A-107C5BAD7A01}"
EndProject
Global
	GlobalSection(SolutionConfigurationPlatforms) = preSolution
		Debug|Any CPU = Debug|Any CPU
		Release|Any CPU = Release|Any CPU
	EndGlobalSection
	GlobalSection(ProjectConfigurationPlatforms) = postSolution
		{79FBFED2-50EE-4E13-A37A-107C5BAD7A01}.Debug|Any CPU.ActiveCfg = Debug|Any CPU
		{79FBFED2-50EE-4E13-A37A-107C5BAD7A01}.Debug|Any CPU.Build.0 = Debug|Any CPU
		{79FBFED2-50EE-4E13-A37A-107C5BAD7A01}.Release|Any CPU.ActiveCfg = Release|Any CPU
		{79FBFED2-50EE-4E13-A37A-107C5BAD7A01}.Release|Any CPU.Build.0 = Release|Any CPU
	EndGlobalSection
	GlobalSection(SolutionProperties) = preSolution
		HideSolutionNode = FALSE
	EndGlobalSection
	GlobalSection(ExtensibilityGlobals) = postSolution
		SolutionGuid = {E5FC669B-7885-46DC-9EA5-A1082B4247B4}
	EndGlobalSection
EndGlobal
