
Microsoft Visual Studio Solution File, Format Version 12.00
# Visual Studio Version 17
VisualStudioVersion = 17.0.31912.275
MinimumVisualStudioVersion = 10.0.40219.1
Project("{FAE04EC0-301F-11D3-BF4B-00C04F79EFBC}") = "CW_BalancedTree", "CW_BalancedTree\CW_BalancedTree.csproj", "{238FA35A-0A5F-491C-A674-22C0BBBD6060}"
EndProject
Global
	GlobalSection(SolutionConfigurationPlatforms) = preSolution
		Debug|Any CPU = Debug|Any CPU
		Release|Any CPU = Release|Any CPU
	EndGlobalSection
	GlobalSection(ProjectConfigurationPlatforms) = postSolution
		{238FA35A-0A5F-491C-A674-22C0BBBD6060}.Debug|Any CPU.ActiveCfg = Debug|Any CPU
		{238FA35A-0A5F-491C-A674-22C0BBBD6060}.Debug|Any CPU.Build.0 = Debug|Any CPU
		{238FA35A-0A5F-491C-A674-22C0BBBD6060}.Release|Any CPU.ActiveCfg = Release|Any CPU
		{238FA35A-0A5F-491C-A674-22C0BBBD6060}.Release|Any CPU.Build.0 = Release|Any CPU
	EndGlobalSection
	GlobalSection(SolutionProperties) = preSolution
		HideSolutionNode = FALSE
	EndGlobalSection
	GlobalSection(ExtensibilityGlobals) = postSolution
		SolutionGuid = {3E9535C3-898F-49E9-85D4-B0CD93CEA5FD}
	EndGlobalSection
EndGlobal
